// !$*UTF8*$!
{
	archiveVersion = 1;
	classes = {
	};
	objectVersion = 46;
	objects = {

/* Begin PBXBuildFile section */
		2B2C9A041EB774AB00F60BE4 /* AppDelegate.swift in Sources */ = {isa = PBXBuildFile; fileRef = 2B2C9A031EB774AB00F60BE4 /* AppDelegate.swift */; };
		2B2C9A091EB774AB00F60BE4 /* Main.storyboard in Resources */ = {isa = PBXBuildFile; fileRef = 2B2C9A071EB774AB00F60BE4 /* Main.storyboard */; };
		2B2C9A0B1EB774AB00F60BE4 /* Assets.xcassets in Resources */ = {isa = PBXBuildFile; fileRef = 2B2C9A0A1EB774AB00F60BE4 /* Assets.xcassets */; };
		2B2C9A0E1EB774AB00F60BE4 /* LaunchScreen.storyboard in Resources */ = {isa = PBXBuildFile; fileRef = 2B2C9A0C1EB774AB00F60BE4 /* LaunchScreen.storyboard */; };
		2B2C9A161EB775CA00F60BE4 /* CheckListsTableViewController.swift in Sources */ = {isa = PBXBuildFile; fileRef = 2B2C9A151EB775CA00F60BE4 /* CheckListsTableViewController.swift */; };
		2B2C9A181EB7782200F60BE4 /* AddCheckListTableViewController.swift in Sources */ = {isa = PBXBuildFile; fileRef = 2B2C9A171EB7782200F60BE4 /* AddCheckListTableViewController.swift */; };
		2B2C9A1A1EB77B7E00F60BE4 /* CheckListDetailsTableViewController.swift in Sources */ = {isa = PBXBuildFile; fileRef = 2B2C9A191EB77B7E00F60BE4 /* CheckListDetailsTableViewController.swift */; };
		2B2C9A1C1EB7878600F60BE4 /* CheckListItem.swift in Sources */ = {isa = PBXBuildFile; fileRef = 2B2C9A1B1EB7878600F60BE4 /* CheckListItem.swift */; };
		2B2C9A1E1EB789B800F60BE4 /* CheckList.swift in Sources */ = {isa = PBXBuildFile; fileRef = 2B2C9A1D1EB789B800F60BE4 /* CheckList.swift */; };
		2B2C9A201EB78C7900F60BE4 /* CheckListItemCell.swift in Sources */ = {isa = PBXBuildFile; fileRef = 2B2C9A1F1EB78C7900F60BE4 /* CheckListItemCell.swift */; };
		2B2C9A221EB7B21500F60BE4 /* CheckListDetailItemCell.swift in Sources */ = {isa = PBXBuildFile; fileRef = 2B2C9A211EB7B21500F60BE4 /* CheckListDetailItemCell.swift */; };
		2B2C9A261EB8051500F60BE4 /* AddCheckListDetailItemTableViewController.swift in Sources */ = {isa = PBXBuildFile; fileRef = 2B2C9A251EB8051500F60BE4 /* AddCheckListDetailItemTableViewController.swift */; };
/* End PBXBuildFile section */

/* Begin PBXFileReference section */
		2B2C9A001EB774AB00F60BE4 /* CheckListsApp.app */ = {isa = PBXFileReference; explicitFileType = wrapper.application; includeInIndex = 0; path = CheckListsApp.app; sourceTree = BUILT_PRODUCTS_DIR; };
		2B2C9A031EB774AB00F60BE4 /* AppDelegate.swift */ = {isa = PBXFileReference; lastKnownFileType = sourcecode.swift; path = AppDelegate.swift; sourceTree = "<group>"; };
		2B2C9A081EB774AB00F60BE4 /* Base */ = {isa = PBXFileReference; lastKnownFileType = file.storyboard; name = Base; path = Base.lproj/Main.storyboard; sourceTree = "<group>"; };
		2B2C9A0A1EB774AB00F60BE4 /* Assets.xcassets */ = {isa = PBXFileReference; lastKnownFileType = folder.assetcatalog; path = Assets.xcassets; sourceTree = "<group>"; };
		2B2C9A0D1EB774AB00F60BE4 /* Base */ = {isa = PBXFileReference; lastKnownFileType = file.storyboard; name = Base; path = Base.lproj/LaunchScreen.storyboard; sourceTree = "<group>"; };
		2B2C9A0F1EB774AB00F60BE4 /* Info.plist */ = {isa = PBXFileReference; lastKnownFileType = text.plist.xml; path = Info.plist; sourceTree = "<group>"; };
		2B2C9A151EB775CA00F60BE4 /* CheckListsTableViewController.swift */ = {isa = PBXFileReference; fileEncoding = 4; lastKnownFileType = sourcecode.swift; path = CheckListsTableViewController.swift; sourceTree = "<group>"; };
		2B2C9A171EB7782200F60BE4 /* AddCheckListTableViewController.swift */ = {isa = PBXFileReference; fileEncoding = 4; lastKnownFileType = sourcecode.swift; path = AddCheckListTableViewController.swift; sourceTree = "<group>"; };
		2B2C9A191EB77B7E00F60BE4 /* CheckListDetailsTableViewController.swift */ = {isa = PBXFileReference; fileEncoding = 4; lastKnownFileType = sourcecode.swift; path = CheckListDetailsTableViewController.swift; sourceTree = "<group>"; };
		2B2C9A1B1EB7878600F60BE4 /* CheckListItem.swift */ = {isa = PBXFileReference; fileEncoding = 4; lastKnownFileType = sourcecode.swift; path = CheckListItem.swift; sourceTree = "<group>"; };
		2B2C9A1D1EB789B800F60BE4 /* CheckList.swift */ = {isa = PBXFileReference; fileEncoding = 4; lastKnownFileType = sourcecode.swift; path = CheckList.swift; sourceTree = "<group>"; };
		2B2C9A1F1EB78C7900F60BE4 /* CheckListItemCell.swift */ = {isa = PBXFileReference; fileEncoding = 4; lastKnownFileType = sourcecode.swift; path = CheckListItemCell.swift; sourceTree = "<group>"; };
		2B2C9A211EB7B21500F60BE4 /* CheckListDetailItemCell.swift */ = {isa = PBXFileReference; fileEncoding = 4; lastKnownFileType = sourcecode.swift; path = CheckListDetailItemCell.swift; sourceTree = "<group>"; };
		2B2C9A251EB8051500F60BE4 /* AddCheckListDetailItemTableViewController.swift */ = {isa = PBXFileReference; fileEncoding = 4; lastKnownFileType = sourcecode.swift; path = AddCheckListDetailItemTableViewController.swift; sourceTree = "<group>"; };
/* End PBXFileReference section */

/* Begin PBXFrameworksBuildPhase section */
		2B2C99FD1EB774AB00F60BE4 /* Frameworks */ = {
			isa = PBXFrameworksBuildPhase;
			buildActionMask = 2147483647;
			files = (
			);
			runOnlyForDeploymentPostprocessing = 0;
		};
/* End PBXFrameworksBuildPhase section */

/* Begin PBXGroup section */
		2B2C99F71EB774AB00F60BE4 = {
			isa = PBXGroup;
			children = (
				2B2C9A021EB774AB00F60BE4 /* CheckListsApp */,
				2B2C9A011EB774AB00F60BE4 /* Products */,
			);
			sourceTree = "<group>";
		};
		2B2C9A011EB774AB00F60BE4 /* Products */ = {
			isa = PBXGroup;
			children = (
				2B2C9A001EB774AB00F60BE4 /* CheckListsApp.app */,
			);
			name = Products;
			sourceTree = "<group>";
		};
		2B2C9A021EB774AB00F60BE4 /* CheckListsApp */ = {
			isa = PBXGroup;
			children = (
				2B2C9A031EB774AB00F60BE4 /* AppDelegate.swift */,
				2B2C9A071EB774AB00F60BE4 /* Main.storyboard */,
				2B2C9A0A1EB774AB00F60BE4 /* Assets.xcassets */,
				2B2C9A0C1EB774AB00F60BE4 /* LaunchScreen.storyboard */,
				2B2C9A0F1EB774AB00F60BE4 /* Info.plist */,
				2B2C9A151EB775CA00F60BE4 /* CheckListsTableViewController.swift */,
				2B2C9A171EB7782200F60BE4 /* AddCheckListTableViewController.swift */,
				2B2C9A191EB77B7E00F60BE4 /* CheckListDetailsTableViewController.swift */,
				2B2C9A1B1EB7878600F60BE4 /* CheckListItem.swift */,
				2B2C9A1F1EB78C7900F60BE4 /* CheckListItemCell.swift */,
				2B2C9A211EB7B21500F60BE4 /* CheckListDetailItemCell.swift */,
				2B2C9A1D1EB789B800F60BE4 /* CheckList.swift */,
				2B2C9A251EB8051500F60BE4 /* AddCheckListDetailItemTableViewController.swift */,
			);
			path = CheckListsApp;
			sourceTree = "<group>";
		};
/* End PBXGroup section */

/* Begin PBXNativeTarget section */
		2B2C99FF1EB774AB00F60BE4 /* CheckListsApp */ = {
			isa = PBXNativeTarget;
			buildConfigurationList = 2B2C9A121EB774AB00F60BE4 /* Build configuration list for PBXNativeTarget "CheckListsApp" */;
			buildPhases = (
				2B2C99FC1EB774AB00F60BE4 /* Sources */,
				2B2C99FD1EB774AB00F60BE4 /* Frameworks */,
				2B2C99FE1EB774AB00F60BE4 /* Resources */,
			);
			buildRules = (
			);
			dependencies = (
			);
			name = CheckListsApp;
			productName = CheckListsApp;
			productReference = 2B2C9A001EB774AB00F60BE4 /* CheckListsApp.app */;
			productType = "com.apple.product-type.application";
		};
/* End PBXNativeTarget section */

/* Begin PBXProject section */
		2B2C99F81EB774AB00F60BE4 /* Project object */ = {
			isa = PBXProject;
			attributes = {
				LastSwiftUpdateCheck = 0830;
				LastUpgradeCheck = 0830;
				ORGANIZATIONNAME = Ayman;
				TargetAttributes = {
					2B2C99FF1EB774AB00F60BE4 = {
						CreatedOnToolsVersion = 8.3;
						ProvisioningStyle = Automatic;
					};
				};
			};
			buildConfigurationList = 2B2C99FB1EB774AB00F60BE4 /* Build configuration list for PBXProject "CheckListsApp" */;
			compatibilityVersion = "Xcode 3.2";
			developmentRegion = English;
			hasScannedForEncodings = 0;
			knownRegions = (
				en,
				Base,
			);
			mainGroup = 2B2C99F71EB774AB00F60BE4;
			productRefGroup = 2B2C9A011EB774AB00F60BE4 /* Products */;
			projectDirPath = "";
			projectRoot = "";
			targets = (
				2B2C99FF1EB774AB00F60BE4 /* CheckListsApp */,
			);
		};
/* End PBXProject section */

/* Begin PBXResourcesBuildPhase section */
		2B2C99FE1EB774AB00F60BE4 /* Resources */ = {
			isa = PBXResourcesBuildPhase;
			buildActionMask = 2147483647;
			files = (
				2B2C9A0E1EB774AB00F60BE4 /* LaunchScreen.storyboard in Resources */,
				2B2C9A0B1EB774AB00F60BE4 /* Assets.xcassets in Resources */,
				2B2C9A091EB774AB00F60BE4 /* Main.storyboard in Resources */,
			);
			runOnlyForDeploymentPostprocessing = 0;
		};
/* End PBXResourcesBuildPhase section */

/* Begin PBXSourcesBuildPhase section */
		2B2C99FC1EB774AB00F60BE4 /* Sources */ = {
			isa = PBXSourcesBuildPhase;
			buildActionMask = 2147483647;
			files = (
				2B2C9A261EB8051500F60BE4 /* AddCheckListDetailItemTableViewController.swift in Sources */,
				2B2C9A161EB775CA00F60BE4 /* CheckListsTableViewController.swift in Sources */,
				2B2C9A201EB78C7900F60BE4 /* CheckListItemCell.swift in Sources */,
				2B2C9A041EB774AB00F60BE4 /* AppDelegate.swift in Sources */,
				2B2C9A181EB7782200F60BE4 /* AddCheckListTableViewController.swift in Sources */,
				2B2C9A221EB7B21500F60BE4 /* CheckListDetailItemCell.swift in Sources */,
				2B2C9A1C1EB7878600F60BE4 /* CheckListItem.swift in Sources */,
				2B2C9A1E1EB789B800F60BE4 /* CheckList.swift in Sources */,
				2B2C9A1A1EB77B7E00F60BE4 /* CheckListDetailsTableViewController.swift in Sources */,
			);
			runOnlyForDeploymentPostprocessing = 0;
		};
/* End PBXSourcesBuildPhase section */

/* Begin PBXVariantGroup section */
		2B2C9A071EB774AB00F60BE4 /* Main.storyboard */ = {
			isa = PBXVariantGroup;
			children = (
				2B2C9A081EB774AB00F60BE4 /* Base */,
			);
			name = Main.storyboard;
			sourceTree = "<group>";
		};
		2B2C9A0C1EB774AB00F60BE4 /* LaunchScreen.storyboard */ = {
			isa = PBXVariantGroup;
			children = (
				2B2C9A0D1EB774AB00F60BE4 /* Base */,
			);
			name = LaunchScreen.storyboard;
			sourceTree = "<group>";
		};
/* End PBXVariantGroup section */

/* Begin XCBuildConfiguration section */
		2B2C9A101EB774AB00F60BE4 /* Debug */ = {
			isa = XCBuildConfiguration;
			buildSettings = {
				ALWAYS_SEARCH_USER_PATHS = NO;
				CLANG_ANALYZER_NONNULL = YES;
				CLANG_ANALYZER_NUMBER_OBJECT_CONVERSION = YES_AGGRESSIVE;
				CLANG_CXX_LANGUAGE_STANDARD = "gnu++0x";
				CLANG_CXX_LIBRARY = "libc++";
				CLANG_ENABLE_MODULES = YES;
				CLANG_ENABLE_OBJC_ARC = YES;
				CLANG_WARN_BOOL_CONVERSION = YES;
				CLANG_WARN_CONSTANT_CONVERSION = YES;
				CLANG_WARN_DIRECT_OBJC_ISA_USAGE = YES_ERROR;
				CLANG_WARN_DOCUMENTATION_COMMENTS = YES;
				CLANG_WARN_EMPTY_BODY = YES;
				CLANG_WARN_ENUM_CONVERSION = YES;
				CLANG_WARN_INFINITE_RECURSION = YES;
				CLANG_WARN_INT_CONVERSION = YES;
				CLANG_WARN_OBJC_ROOT_CLASS = YES_ERROR;
				CLANG_WARN_SUSPICIOUS_MOVE = YES;
				CLANG_WARN_UNREACHABLE_CODE = YES;
				CLANG_WARN__DUPLICATE_METHOD_MATCH = YES;
				"CODE_SIGN_IDENTITY[sdk=iphoneos*]" = "iPhone Developer";
				COPY_PHASE_STRIP = NO;
				DEBUG_INFORMATION_FORMAT = dwarf;
				ENABLE_STRICT_OBJC_MSGSEND = YES;
				ENABLE_TESTABILITY = YES;
				GCC_C_LANGUAGE_STANDARD = gnu99;
				GCC_DYNAMIC_NO_PIC = NO;
				GCC_NO_COMMON_BLOCKS = YES;
				GCC_OPTIMIZATION_LEVEL = 0;
				GCC_PREPROCESSOR_DEFINITIONS = (
					"DEBUG=1",
					"$(inherited)",
				);
				GCC_WARN_64_TO_32_BIT_CONVERSION = YES;
				GCC_WARN_ABOUT_RETURN_TYPE = YES_ERROR;
				GCC_WARN_UNDECLARED_SELECTOR = YES;
				GCC_WARN_UNINITIALIZED_AUTOS = YES_AGGRESSIVE;
				GCC_WARN_UNUSED_FUNCTION = YES;
				GCC_WARN_UNUSED_VARIABLE = YES;
				IPHONEOS_DEPLOYMENT_TARGET = 10.3;
				MTL_ENABLE_DEBUG_INFO = YES;
				ONLY_ACTIVE_ARCH = YES;
				SDKROOT = iphoneos;
				SWIFT_ACTIVE_COMPILATION_CONDITIONS = DEBUG;
				SWIFT_OPTIMIZATION_LEVEL = "-Onone";
			};
			name = Debug;
		};
		2B2C9A111EB774AB00F60BE4 /* Release */ = {
			isa = XCBuildConfiguration;
			buildSettings = {
				ALWAYS_SEARCH_USER_PATHS = NO;
				CLANG_ANALYZER_NONNULL = YES;
				CLANG_ANALYZER_NUMBER_OBJECT_CONVERSION = YES_AGGRESSIVE;
				CLANG_CXX_LANGUAGE_STANDARD = "gnu++0x";
				CLANG_CXX_LIBRARY = "libc++";
				CLANG_ENABLE_MODULES = YES;
				CLANG_ENABLE_OBJC_ARC = YES;
				CLANG_WARN_BOOL_CONVERSION = YES;
				CLANG_WARN_CONSTANT_CONVERSION = YES;
				CLANG_WARN_DIRECT_OBJC_ISA_USAGE = YES_ERROR;
				CLANG_WARN_DOCUMENTATION_COMMENTS = YES;
				CLANG_WARN_EMPTY_BODY = YES;
				CLANG_WARN_ENUM_CONVERSION = YES;
				CLANG_WARN_INFINITE_RECURSION = YES;
				CLANG_WARN_INT_CONVERSION = YES;
				CLANG_WARN_OBJC_ROOT_CLASS = YES_ERROR;
				CLANG_WARN_SUSPICIOUS_MOVE = YES;
				CLANG_WARN_UNREACHABLE_CODE = YES;
				CLANG_WARN__DUPLICATE_METHOD_MATCH = YES;
				"CODE_SIGN_IDENTITY[sdk=iphoneos*]" = "iPhone Developer";
				COPY_PHASE_STRIP = NO;
				DEBUG_INFORMATION_FORMAT = "dwarf-with-dsym";
				ENABLE_NS_ASSERTIONS = NO;
				ENABLE_STRICT_OBJC_MSGSEND = YES;
				GCC_C_LANGUAGE_STANDARD = gnu99;
				GCC_NO_COMMON_BLOCKS = YES;
				GCC_WARN_64_TO_32_BIT_CONVERSION = YES;
				GCC_WARN_ABOUT_RETURN_TYPE = YES_ERROR;
				GCC_WARN_UNDECLARED_SELECTOR = YES;
				GCC_WARN_UNINITIALIZED_AUTOS = YES_AGGRESSIVE;
				GCC_WARN_UNUSED_FUNCTION = YES;
				GCC_WARN_UNUSED_VARIABLE = YES;
				IPHONEOS_DEPLOYMENT_TARGET = 10.3;
				MTL_ENABLE_DEBUG_INFO = NO;
				SDKROOT = iphoneos;
				SWIFT_OPTIMIZATION_LEVEL = "-Owholemodule";
				VALIDATE_PRODUCT = YES;
			};
			name = Release;
		};
		2B2C9A131EB774AB00F60BE4 /* Debug */ = {
			isa = XCBuildConfiguration;
			buildSettings = {
				ASSETCATALOG_COMPILER_APPICON_NAME = AppIcon;
				INFOPLIST_FILE = CheckListsApp/Info.plist;
				LD_RUNPATH_SEARCH_PATHS = "$(inherited) @executable_path/Frameworks";
				PRODUCT_BUNDLE_IDENTIFIER = com.ayman.CheckListsApp;
				PRODUCT_NAME = "$(TARGET_NAME)";
				SWIFT_VERSION = 3.0;
			};
			name = Debug;
		};
		2B2C9A141EB774AB00F60BE4 /* Release */ = {
			isa = XCBuildConfiguration;
			buildSettings = {
				ASSETCATALOG_COMPILER_APPICON_NAME = AppIcon;
				INFOPLIST_FILE = CheckListsApp/Info.plist;
				LD_RUNPATH_SEARCH_PATHS = "$(inherited) @executable_path/Frameworks";
				PRODUCT_BUNDLE_IDENTIFIER = com.ayman.CheckListsApp;
				PRODUCT_NAME = "$(TARGET_NAME)";
				SWIFT_VERSION = 3.0;
			};
			name = Release;
		};
/* End XCBuildConfiguration section */

/* Begin XCConfigurationList section */
		2B2C99FB1EB774AB00F60BE4 /* Build configuration list for PBXProject "CheckListsApp" */ = {
			isa = XCConfigurationList;
			buildConfigurations = (
				2B2C9A101EB774AB00F60BE4 /* Debug */,
				2B2C9A111EB774AB00F60BE4 /* Release */,
			);
			defaultConfigurationIsVisible = 0;
			defaultConfigurationName = Release;
		};
		2B2C9A121EB774AB00F60BE4 /* Build configuration list for PBXNativeTarget "CheckListsApp" */ = {
			isa = XCConfigurationList;
			buildConfigurations = (
				2B2C9A131EB774AB00F60BE4 /* Debug */,
				2B2C9A141EB774AB00F60BE4 /* Release */,
			);
			defaultConfigurationIsVisible = 0;
		};
/* End XCConfigurationList section */
	};
	rootObject = 2B2C99F81EB774AB00F60BE4 /* Project object */;
}
